<?xml version="1.0" encoding="utf-8"?>
<Project ToolsVersion="4.0" xmlns="http://schemas.microsoft.com/developer/msbuild/2003">
  <ItemGroup>
    <Filter Include="Fichiers sources">
      <UniqueIdentifier>{4FC737F1-C7A5-4376-A066-2A32D752A2FF}</UniqueIdentifier>
      <Extensions>cpp;c;cc;cxx;def;odl;idl;hpj;bat;asm;asmx</Extensions>
    </Filter>
    <Filter Include="Fichiers d%27en-tête">
      <UniqueIdentifier>{93995380-89BD-4b04-88EB-625FBE52EBFB}</UniqueIdentifier>
      <Extensions>h;hh;hpp;hxx;hm;inl;inc;xsd</Extensions>
    </Filter>
    <Filter Include="Fichiers de ressources">
      <UniqueIdentifier>{67DA6AB6-F800-4c08-8B7A-83BB121AAD01}</UniqueIdentifier>
      <Extensions>rc;ico;cur;bmp;dlg;rc2;rct;bin;rgs;gif;jpg;jpeg;jpe;resx;tiff;tif;png;wav;mfcribbon-ms</Extensions>
    </Filter>
    <Filter Include="Fichiers sources\problems">
      <UniqueIdentifier>{deedc962-0e6b-4681-9ca6-3c39aa4efda6}</UniqueIdentifier>
    </Filter>
    <Filter Include="Fichiers sources\problems\level1">
      <UniqueIdentifier>{a303fbf7-ae6d-49b9-9095-20a841d5c8e0}</UniqueIdentifier>
    </Filter>
    <Filter Include="Fichiers sources\problems\level2">
      <UniqueIdentifier>{7cc428da-cdf6-4ffc-99c5-33a663c9bf0e}</UniqueIdentifier>
    </Filter>
    <Filter Include="Fichiers sources\adaptors">
      <UniqueIdentifier>{5daf121c-e5d4-4067-8598-8b954f1225ba}</UniqueIdentifier>
    </Filter>
    <Filter Include="Fichiers sources\iterators">
      <UniqueIdentifier>{aa0bd96c-4279-46d7-9152-e4de955c3fbd}</UniqueIdentifier>
    </Filter>
  </ItemGroup>
  <ItemGroup>
    <ClCompile Include="main.cpp">
      <Filter>Fichiers sources</Filter>
    </ClCompile>
    <ClCompile Include="primes.cpp">
      <Filter>Fichiers sources</Filter>
    </ClCompile>
    <ClCompile Include="divisors.cpp">
      <Filter>Fichiers sources</Filter>
    </ClCompile>
    <ClCompile Include="euler.cpp">
      <Filter>Fichiers sources</Filter>
    </ClCompile>
    <ClCompile Include="problem25.cpp">
      <Filter>Fichiers sources\problems\level1</Filter>
    </ClCompile>
    <ClCompile Include="problem1.cpp">
      <Filter>Fichiers sources\problems\level1</Filter>
    </ClCompile>
    <ClCompile Include="problem2.cpp">
      <Filter>Fichiers sources\problems\level1</Filter>
    </ClCompile>
    <ClCompile Include="problem3.cpp">
      <Filter>Fichiers sources\problems\level1</Filter>
    </ClCompile>
    <ClCompile Include="problem4.cpp">
      <Filter>Fichiers sources\problems\level1</Filter>
    </ClCompile>
    <ClCompile Include="problem7.cpp">
      <Filter>Fichiers sources\problems\level1</Filter>
    </ClCompile>
    <ClCompile Include="problem8.cpp">
      <Filter>Fichiers sources\problems\level1</Filter>
    </ClCompile>
    <ClCompile Include="problem9.cpp">
      <Filter>Fichiers sources\problems\level1</Filter>
    </ClCompile>
    <ClCompile Include="problem10.cpp">
      <Filter>Fichiers sources\problems\level1</Filter>
    </ClCompile>
    <ClCompile Include="problem11.cpp">
      <Filter>Fichiers sources\problems\level1</Filter>
    </ClCompile>
    <ClCompile Include="problem12.cpp">
      <Filter>Fichiers sources\problems\level1</Filter>
    </ClCompile>
    <ClCompile Include="problem13.cpp">
      <Filter>Fichiers sources\problems\level1</Filter>
    </ClCompile>
    <ClCompile Include="problem14.cpp">
      <Filter>Fichiers sources\problems\level1</Filter>
    </ClCompile>
    <ClCompile Include="problem15.cpp">
      <Filter>Fichiers sources\problems\level1</Filter>
    </ClCompile>
    <ClCompile Include="problem16.cpp">
      <Filter>Fichiers sources\problems\level1</Filter>
    </ClCompile>
    <ClCompile Include="problem17.cpp">
      <Filter>Fichiers sources\problems\level1</Filter>
    </ClCompile>
    <ClCompile Include="problem18.cpp">
      <Filter>Fichiers sources\problems\level1</Filter>
    </ClCompile>
    <ClCompile Include="problem19.cpp">
      <Filter>Fichiers sources\problems\level1</Filter>
    </ClCompile>
    <ClCompile Include="problem20.cpp">
      <Filter>Fichiers sources\problems\level1</Filter>
    </ClCompile>
    <ClCompile Include="problem21.cpp">
      <Filter>Fichiers sources\problems\level1</Filter>
    </ClCompile>
    <ClCompile Include="problem22.cpp">
      <Filter>Fichiers sources\problems\level1</Filter>
    </ClCompile>
    <ClCompile Include="problem23.cpp">
      <Filter>Fichiers sources\problems\level1</Filter>
    </ClCompile>
    <ClCompile Include="problem24.cpp">
      <Filter>Fichiers sources\problems\level1</Filter>
    </ClCompile>
    <ClCompile Include="problem26.cpp">
      <Filter>Fichiers sources\problems\level2</Filter>
    </ClCompile>
    <ClCompile Include="problem27.cpp">
      <Filter>Fichiers sources\problems\level2</Filter>
    </ClCompile>
    <ClCompile Include="problem28.cpp">
      <Filter>Fichiers sources\problems\level2</Filter>
    </ClCompile>
    <ClCompile Include="problem29.cpp">
      <Filter>Fichiers sources\problems\level2</Filter>
    </ClCompile>
    <ClCompile Include="problem30.cpp">
      <Filter>Fichiers sources\problems\level2</Filter>
    </ClCompile>
    <ClCompile Include="problem31.cpp">
      <Filter>Fichiers sources\problems\level2</Filter>
    </ClCompile>
    <ClCompile Include="problem32.cpp">
      <Filter>Fichiers sources\problems\level2</Filter>
    </ClCompile>
    <ClCompile Include="problem33.cpp">
      <Filter>Fichiers sources\problems\level2</Filter>
    </ClCompile>
    <ClCompile Include="problem34.cpp">
      <Filter>Fichiers sources\problems\level2</Filter>
    </ClCompile>
    <ClCompile Include="problem35.cpp">
      <Filter>Fichiers sources\problems\level2</Filter>
    </ClCompile>
    <ClCompile Include="problem36.cpp">
      <Filter>Fichiers sources\problems\level2</Filter>
    </ClCompile>
    <ClCompile Include="problem37.cpp">
      <Filter>Fichiers sources\problems\level2</Filter>
    </ClCompile>
    <ClCompile Include="problem38.cpp">
      <Filter>Fichiers sources\problems\level2</Filter>
    </ClCompile>
    <ClCompile Include="problem39.cpp">
      <Filter>Fichiers sources\problems\level2</Filter>
    </ClCompile>
    <ClCompile Include="problem40.cpp">
      <Filter>Fichiers sources\problems\level2</Filter>
    </ClCompile>
    <ClCompile Include="problem41.cpp">
      <Filter>Fichiers sources\problems\level2</Filter>
    </ClCompile>
    <ClCompile Include="problem42.cpp">
      <Filter>Fichiers sources\problems\level2</Filter>
    </ClCompile>
    <ClCompile Include="problem43.cpp">
      <Filter>Fichiers sources\problems\level2</Filter>
    </ClCompile>
  </ItemGroup>
  <ItemGroup>
    <ClInclude Include="chunk_iterator.h">
      <Filter>Fichiers sources\iterators</Filter>
    </ClInclude>
    <ClInclude Include="cross_product_iterator.h">
      <Filter>Fichiers sources\iterators</Filter>
    </ClInclude>
    <ClInclude Include="vector_adaptor.h">
      <Filter>Fichiers sources\adaptors</Filter>
    </ClInclude>
    <ClInclude Include="repeat_iterator.h">
      <Filter>Fichiers sources\iterators</Filter>
    </ClInclude>
    <ClInclude Include="skip_adaptor.h">
      <Filter>Fichiers sources\adaptors</Filter>
    </ClInclude>
    <ClInclude Include="ostream_adaptor.h">
      <Filter>Fichiers sources\adaptors</Filter>
    </ClInclude>
    <ClInclude Include="sorted_adaptor.h">
      <Filter>Fichiers sources\adaptors</Filter>
    </ClInclude>
    <ClInclude Include="level1.h">
      <Filter>Fichiers sources\problems\level1</Filter>
    </ClInclude>
    <ClInclude Include="level2.h">
      <Filter>Fichiers sources\problems\level2</Filter>
    </ClInclude>
    <ClInclude Include="primes.h">
      <Filter>Fichiers sources</Filter>
    </ClInclude>
    <ClInclude Include="divisors.h">
      <Filter>Fichiers sources</Filter>
    </ClInclude>
    <ClInclude Include="euler.h">
      <Filter>Fichiers sources</Filter>
    </ClInclude>
    <ClInclude Include="literals.h">
      <Filter>Fichiers sources</Filter>
    </ClInclude>
    <ClInclude Include="combinations.h">
      <Filter>Fichiers sources</Filter>
    </ClInclude>
  </ItemGroup>
  <ItemGroup>
    <None Include="Base.props">
      <Filter>Fichiers sources</Filter>
    </None>
  </ItemGroup>
  <ItemGroup>
    <Text Include="p067_triangle.txt">
      <Filter>Fichiers de ressources</Filter>
    </Text>
    <Text Include="p022_names.txt">
      <Filter>Fichiers de ressources</Filter>
    </Text>
  </ItemGroup>
</Project>